
Microsoft Visual Studio Solution File, Format Version 12.00
# Visual Studio Version 17
VisualStudioVersion = 17.14.36121.58
MinimumVisualStudioVersion = 10.0.40219.1
Project("{FAE04EC0-301F-11D3-BF4B-00C04F79EFBC}") = "Core", "Core\Core.csproj", "{5ED06CAD-956C-C94D-BC0C-E89E30A887C2}"
EndProject
Project("{FAE04EC0-301F-11D3-BF4B-00C04F79EFBC}") = "App", "ConsoleApp\App.csproj", "{B3EE8C53-3BD1-A349-B967-56DA1515242E}"
EndProject
Project("{FAE04EC0-301F-11D3-BF4B-00C04F79EFBC}") = "Resoucres", "Resoucres\Resoucres.csproj", "{0E51D2C3-A5C2-434C-8934-C30C84B2CC0D}"
EndProject
Project("{FAE04EC0-301F-11D3-BF4B-00C04F79EFBC}") = "Serivces", "Serivces\Serivces.csproj", "{FE9630E9-1A9B-4DC4-B072-B2E2B57EA94C}"
EndProject
Global
	GlobalSection(SolutionConfigurationPlatforms) = preSolution
		Debug|Any CPU = Debug|Any CPU
		Release|Any CPU = Release|Any CPU
	EndGlobalSection
	GlobalSection(ProjectConfigurationPlatforms) = postSolution
		{5ED06CAD-956C-C94D-BC0C-E89E30A887C2}.Debug|Any CPU.ActiveCfg = Debug|Any CPU
		{5ED06CAD-956C-C94D-BC0C-E89E30A887C2}.Debug|Any CPU.Build.0 = Debug|Any CPU
		{5ED06CAD-956C-C94D-BC0C-E89E30A887C2}.Release|Any CPU.ActiveCfg = Release|Any CPU
		{5ED06CAD-956C-C94D-BC0C-E89E30A887C2}.Release|Any CPU.Build.0 = Release|Any CPU
		{B3EE8C53-3BD1-A349-B967-56DA1515242E}.Debug|Any CPU.ActiveCfg = Debug|Any CPU
		{B3EE8C53-3BD1-A349-B967-56DA1515242E}.Debug|Any CPU.Build.0 = Debug|Any CPU
		{B3EE8C53-3BD1-A349-B967-56DA1515242E}.Release|Any CPU.ActiveCfg = Release|Any CPU
		{B3EE8C53-3BD1-A349-B967-56DA1515242E}.Release|Any CPU.Build.0 = Release|Any CPU
		{0E51D2C3-A5C2-434C-8934-C30C84B2CC0D}.Debug|Any CPU.ActiveCfg = Debug|Any CPU
		{0E51D2C3-A5C2-434C-8934-C30C84B2CC0D}.Debug|Any CPU.Build.0 = Debug|Any CPU
		{0E51D2C3-A5C2-434C-8934-C30C84B2CC0D}.Release|Any CPU.ActiveCfg = Release|Any CPU
		{0E51D2C3-A5C2-434C-8934-C30C84B2CC0D}.Release|Any CPU.Build.0 = Release|Any CPU
		{FE9630E9-1A9B-4DC4-B072-B2E2B57EA94C}.Debug|Any CPU.ActiveCfg = Debug|Any CPU
		{FE9630E9-1A9B-4DC4-B072-B2E2B57EA94C}.Debug|Any CPU.Build.0 = Debug|Any CPU
		{FE9630E9-1A9B-4DC4-B072-B2E2B57EA94C}.Release|Any CPU.ActiveCfg = Release|Any CPU
		{FE9630E9-1A9B-4DC4-B072-B2E2B57EA94C}.Release|Any CPU.Build.0 = Release|Any CPU
	EndGlobalSection
	GlobalSection(SolutionProperties) = preSolution
		HideSolutionNode = FALSE
	EndGlobalSection
	GlobalSection(ExtensibilityGlobals) = postSolution
		SolutionGuid = {8AB036D4-29DC-433B-8050-791D887FDD2B}
	EndGlobalSection
EndGlobal
